
Microsoft Visual Studio Solution File, Format Version 12.00
# Visual Studio 15
VisualStudioVersion = 15.0.26124.0
MinimumVisualStudioVersion = 15.0.26124.0
Project("{FAE04EC0-301F-11D3-BF4B-00C04F79EFBC}") = "ContractMS.API", "ContractMS.API\ContractMS.API.csproj", "{EC6B2D23-C1F6-4E0D-976E-896CAB17DEB3}"
EndProject
Project("{FAE04EC0-301F-11D3-BF4B-00C04F79EFBC}") = "ContractMS.Repository", "ContractMS.Repository\ContractMS.Repository.csproj", "{B88CF9D0-22A3-4A39-9D57-41B522A1C3AA}"
EndProject
Project("{FAE04EC0-301F-11D3-BF4B-00C04F79EFBC}") = "ContractMS.Domain", "ContractMS.Domain\ContractMS.Domain.csproj", "{96B8C5F5-D2B2-4707-8C1B-4146923118AA}"
EndProject
Global
	GlobalSection(SolutionConfigurationPlatforms) = preSolution
		Debug|Any CPU = Debug|Any CPU
		Debug|x64 = Debug|x64
		Debug|x86 = Debug|x86
		Release|Any CPU = Release|Any CPU
		Release|x64 = Release|x64
		Release|x86 = Release|x86
	EndGlobalSection
	GlobalSection(SolutionProperties) = preSolution
		HideSolutionNode = FALSE
	EndGlobalSection
	GlobalSection(ProjectConfigurationPlatforms) = postSolution
		{EC6B2D23-C1F6-4E0D-976E-896CAB17DEB3}.Debug|Any CPU.ActiveCfg = Debug|Any CPU
		{EC6B2D23-C1F6-4E0D-976E-896CAB17DEB3}.Debug|Any CPU.Build.0 = Debug|Any CPU
		{EC6B2D23-C1F6-4E0D-976E-896CAB17DEB3}.Debug|x64.ActiveCfg = Debug|Any CPU
		{EC6B2D23-C1F6-4E0D-976E-896CAB17DEB3}.Debug|x64.Build.0 = Debug|Any CPU
		{EC6B2D23-C1F6-4E0D-976E-896CAB17DEB3}.Debug|x86.ActiveCfg = Debug|Any CPU
		{EC6B2D23-C1F6-4E0D-976E-896CAB17DEB3}.Debug|x86.Build.0 = Debug|Any CPU
		{EC6B2D23-C1F6-4E0D-976E-896CAB17DEB3}.Release|Any CPU.ActiveCfg = Release|Any CPU
		{EC6B2D23-C1F6-4E0D-976E-896CAB17DEB3}.Release|Any CPU.Build.0 = Release|Any CPU
		{EC6B2D23-C1F6-4E0D-976E-896CAB17DEB3}.Release|x64.ActiveCfg = Release|Any CPU
		{EC6B2D23-C1F6-4E0D-976E-896CAB17DEB3}.Release|x64.Build.0 = Release|Any CPU
		{EC6B2D23-C1F6-4E0D-976E-896CAB17DEB3}.Release|x86.ActiveCfg = Release|Any CPU
		{EC6B2D23-C1F6-4E0D-976E-896CAB17DEB3}.Release|x86.Build.0 = Release|Any CPU
		{B88CF9D0-22A3-4A39-9D57-41B522A1C3AA}.Debug|Any CPU.ActiveCfg = Debug|Any CPU
		{B88CF9D0-22A3-4A39-9D57-41B522A1C3AA}.Debug|Any CPU.Build.0 = Debug|Any CPU
		{B88CF9D0-22A3-4A39-9D57-41B522A1C3AA}.Debug|x64.ActiveCfg = Debug|Any CPU
		{B88CF9D0-22A3-4A39-9D57-41B522A1C3AA}.Debug|x64.Build.0 = Debug|Any CPU
		{B88CF9D0-22A3-4A39-9D57-41B522A1C3AA}.Debug|x86.ActiveCfg = Debug|Any CPU
		{B88CF9D0-22A3-4A39-9D57-41B522A1C3AA}.Debug|x86.Build.0 = Debug|Any CPU
		{B88CF9D0-22A3-4A39-9D57-41B522A1C3AA}.Release|Any CPU.ActiveCfg = Release|Any CPU
		{B88CF9D0-22A3-4A39-9D57-41B522A1C3AA}.Release|Any CPU.Build.0 = Release|Any CPU
		{B88CF9D0-22A3-4A39-9D57-41B522A1C3AA}.Release|x64.ActiveCfg = Release|Any CPU
		{B88CF9D0-22A3-4A39-9D57-41B522A1C3AA}.Release|x64.Build.0 = Release|Any CPU
		{B88CF9D0-22A3-4A39-9D57-41B522A1C3AA}.Release|x86.ActiveCfg = Release|Any CPU
		{B88CF9D0-22A3-4A39-9D57-41B522A1C3AA}.Release|x86.Build.0 = Release|Any CPU
		{96B8C5F5-D2B2-4707-8C1B-4146923118AA}.Debug|Any CPU.ActiveCfg = Debug|Any CPU
		{96B8C5F5-D2B2-4707-8C1B-4146923118AA}.Debug|Any CPU.Build.0 = Debug|Any CPU
		{96B8C5F5-D2B2-4707-8C1B-4146923118AA}.Debug|x64.ActiveCfg = Debug|Any CPU
		{96B8C5F5-D2B2-4707-8C1B-4146923118AA}.Debug|x64.Build.0 = Debug|Any CPU
		{96B8C5F5-D2B2-4707-8C1B-4146923118AA}.Debug|x86.ActiveCfg = Debug|Any CPU
		{96B8C5F5-D2B2-4707-8C1B-4146923118AA}.Debug|x86.Build.0 = Debug|Any CPU
		{96B8C5F5-D2B2-4707-8C1B-4146923118AA}.Release|Any CPU.ActiveCfg = Release|Any CPU
		{96B8C5F5-D2B2-4707-8C1B-4146923118AA}.Release|Any CPU.Build.0 = Release|Any CPU
		{96B8C5F5-D2B2-4707-8C1B-4146923118AA}.Release|x64.ActiveCfg = Release|Any CPU
		{96B8C5F5-D2B2-4707-8C1B-4146923118AA}.Release|x64.Build.0 = Release|Any CPU
		{96B8C5F5-D2B2-4707-8C1B-4146923118AA}.Release|x86.ActiveCfg = Release|Any CPU
		{96B8C5F5-D2B2-4707-8C1B-4146923118AA}.Release|x86.Build.0 = Release|Any CPU
	EndGlobalSection
EndGlobal
